
Microsoft Visual Studio Solution File, Format Version 12.00
# Visual Studio Version 16
VisualStudioVersion = 16.0.30204.135
MinimumVisualStudioVersion = 10.0.40219.1
Project("{FAE04EC0-301F-11D3-BF4B-00C04F79EFBC}") = "SkoleOpgaveArbejdHjemme", "SkoleOpgaveArbejdHjemme\SkoleOpgaveArbejdHjemme.csproj", "{4BA0CBF8-E541-430E-BFD2-367EC3950F90}"
EndProject
Project("{FAE04EC0-301F-11D3-BF4B-00C04F79EFBC}") = "testForSkoleOpgave", "testForSkoleOpgave\testForSkoleOpgave.csproj", "{FFE73E0D-EA74-4E1D-B2B0-DFC26AB00A8A}"
EndProject
Global
	GlobalSection(SolutionConfigurationPlatforms) = preSolution
		Debug|Any CPU = Debug|Any CPU
		Release|Any CPU = Release|Any CPU
	EndGlobalSection
	GlobalSection(ProjectConfigurationPlatforms) = postSolution
		{4BA0CBF8-E541-430E-BFD2-367EC3950F90}.Debug|Any CPU.ActiveCfg = Debug|Any CPU
		{4BA0CBF8-E541-430E-BFD2-367EC3950F90}.Debug|Any CPU.Build.0 = Debug|Any CPU
		{4BA0CBF8-E541-430E-BFD2-367EC3950F90}.Release|Any CPU.ActiveCfg = Release|Any CPU
		{4BA0CBF8-E541-430E-BFD2-367EC3950F90}.Release|Any CPU.Build.0 = Release|Any CPU
		{FFE73E0D-EA74-4E1D-B2B0-DFC26AB00A8A}.Debug|Any CPU.ActiveCfg = Debug|Any CPU
		{FFE73E0D-EA74-4E1D-B2B0-DFC26AB00A8A}.Debug|Any CPU.Build.0 = Debug|Any CPU
		{FFE73E0D-EA74-4E1D-B2B0-DFC26AB00A8A}.Release|Any CPU.ActiveCfg = Release|Any CPU
		{FFE73E0D-EA74-4E1D-B2B0-DFC26AB00A8A}.Release|Any CPU.Build.0 = Release|Any CPU
	EndGlobalSection
	GlobalSection(SolutionProperties) = preSolution
		HideSolutionNode = FALSE
	EndGlobalSection
	GlobalSection(ExtensibilityGlobals) = postSolution
		SolutionGuid = {0E035136-98B1-4B83-B8AA-17BC15309D92}
	EndGlobalSection
EndGlobal
